{
  "version": "5",
  "specifiers": {
    "jsr:@david/path@0.2": "0.2.0",
    "jsr:@david/temp@~0.1.1": "0.1.1",
    "jsr:@deno/wasmbuild@*": "0.21.1",
    "jsr:@std/cli@^1.0.11": "1.0.28",
    "jsr:@std/encoding@^1.0.6": "1.0.10",
    "jsr:@std/fmt@^1.0.4": "1.0.9",
    "jsr:@std/fs@1": "1.0.22",
    "jsr:@std/fs@^1.0.10": "1.0.22",
    "jsr:@std/fs@^1.0.22": "1.0.22",
    "jsr:@std/internal@^1.0.12": "1.0.12",
    "jsr:@std/path@1": "1.1.4",
    "jsr:@std/path@^1.1.4": "1.1.4",
    "jsr:@std/streams@^1.0.17": "1.0.17",
    "jsr:@std/tar@~0.1.4": "0.1.10",
    "npm:@types/node@*": "22.15.15"
  },
  "jsr": {
    "@david/path@0.2.0": {
      "integrity": "f2d7aa7f02ce5a55e27c09f9f1381794acb09d328f8d3c8a2e3ab3ffc294dccd",
      "dependencies": [
        "jsr:@std/fs@1",
        "jsr:@std/path@1"
      ]
    },
    "@david/temp@0.1.1": {
      "integrity": "3974e3aa76536bd831294b72f5b70bfb67af3f4119ae334360e321f6ded18840",
      "dependencies": [
        "jsr:@david/path"
      ]
    },
    "@deno/wasmbuild@0.21.1": {
      "integrity": "f60afdffefbd61067cb8a0083cde7d22f5eb74084b074c672a87b8e92042b456",
      "dependencies": [
        "jsr:@david/path",
        "jsr:@david/temp",
        "jsr:@std/cli",
        "jsr:@std/encoding",
        "jsr:@std/fmt",
        "jsr:@std/fs@^1.0.10",
        "jsr:@std/tar"
      ]
    },
    "@std/cli@1.0.28": {
      "integrity": "74ef9b976db59ca6b23a5283469c9072be6276853807a83ec6c7ce412135c70a"
    },
    "@std/encoding@1.0.10": {
      "integrity": "8783c6384a2d13abd5e9e87a7ae0520a30e9f56aeeaa3bdf910a3eaaf5c811a1"
    },
    "@std/fmt@1.0.9": {
      "integrity": "2487343e8899fb2be5d0e3d35013e54477ada198854e52dd05ed0422eddcabe0"
    },
    "@std/fs@1.0.22": {
      "integrity": "de0f277a58a867147a8a01bc1b181d0dfa80bfddba8c9cf2bacd6747bcec9308",
      "dependencies": [
        "jsr:@std/internal",
        "jsr:@std/path@^1.1.4"
      ]
    },
    "@std/internal@1.0.12": {
      "integrity": "972a634fd5bc34b242024402972cd5143eac68d8dffaca5eaa4dba30ce17b027"
    },
    "@std/path@1.1.4": {
      "integrity": "1d2d43f39efb1b42f0b1882a25486647cb851481862dc7313390b2bb044314b5",
      "dependencies": [
        "jsr:@std/internal"
      ]
    },
    "@std/streams@1.0.17": {
      "integrity": "7859f3d9deed83cf4b41f19223d4a67661b3d3819e9fc117698f493bf5992140"
    },
    "@std/tar@0.1.10": {
      "integrity": "6bf907f3a4bc8bfef42973ba132d946756a6161ef6b914a9e1c06debe664db17",
      "dependencies": [
        "jsr:@std/streams"
      ]
    }
  },
  "npm": {
    "@types/node@22.15.15": {
      "integrity": "sha512-R5muMcZob3/Jjchn5LcO8jdKwSCbzqmPB6ruBxMcf9kbxtniZHP327s6C37iOfuw8mbKK3cAQa7sEl7afLrQ8A==",
      "dependencies": [
        "undici-types"
      ]
    },
    "undici-types@6.21.0": {
      "integrity": "sha512-iwDZqg0QAGrg9Rav5H4n0M64c3mkR59cJ6wQp+7C4nI0gsmExaedaYLNO44eT4AtBBwjbTiGPMlt2Md0T9H9JQ=="
    }
  },
  "workspace": {
    "members": {
      "packages/quox": {
        "dependencies": [
          "jsr:@std/fs@^1.0.22",
          "jsr:@std/path@^1.1.4"
        ]
      }
    }
  }
}
