{
  "version": "5",
  "specifiers": {
    "npm:preact-render-to-string@6.6.7": "6.6.7_preact@10.29.1",
    "npm:preact@10.29.1": "10.29.1"
  },
  "npm": {
    "preact-render-to-string@6.6.7_preact@10.29.1": {
      "integrity": "sha512-3XdbsX3+vn9dQW+jJI/FsI9rlkgl6dbeUpqLsChak6jp3j3auFqBCkno7VChbMFs5Q8ylBj6DrUkKRwtVN3nvw==",
      "dependencies": [
        "preact"
      ]
    },
    "preact@10.29.1": {
      "integrity": "sha512-gQCLc/vWroE8lIpleXtdJhTFDogTdZG9AjMUpVkDf2iTCNwYNWA+u16dL41TqUDJO4gm2IgrcMv3uTpjd4Pwmg=="
    }
  }
}
